#MicroXplorer Configuration settings - do not modify
File.Version=5
KeepUserPlacement=false
Mcu.Family=STM32F0
Mcu.IP0=NVIC
Mcu.IP1=RCC
Mcu.IPNb=2
Mcu.Name=STM32F031G(4-6)Ux
Mcu.Package=UFQFPN28
Mcu.Pin0=PA0
Mcu.Pin1=PA2
Mcu.Pin10=PB6
Mcu.Pin2=PA3
Mcu.Pin3=PA4
Mcu.Pin4=PA5
Mcu.Pin5=PA6
Mcu.Pin6=PA7
Mcu.Pin7=PA8
Mcu.Pin8=PA9
Mcu.Pin9=PA15
Mcu.PinsNb=11
Mcu.UserConstants=
Mcu.UserName=STM32F031G4Ux
MxCube.Version=4.10.0
MxDb.Version=DB.4.0.100
NVIC.RCC_IRQn=true\:0\:0\:false
NVIC.SysTick_IRQn=true\:0\:0\:false
PA0.Locked=true
PA0.Signal=GPXTI0
PA15.Locked=true
PA15.Signal=GPIO_Input
PA2.Locked=true
PA2.Signal=USART1_TX
PA3.Locked=true
PA3.Signal=USART1_RX
PA4.Locked=true
PA4.Signal=SPI1_NSS
PA5.Locked=true
PA5.Signal=SPI1_SCK
PA6.Locked=true
PA6.Signal=SPI1_MISO
PA7.Locked=true
PA7.Signal=SPI1_MOSI
PA8.Locked=true
PA8.Signal=GPIO_Input
PA9.Locked=true
PA9.Signal=GPIO_Input
PB6.Locked=true
PB6.Signal=GPIO_Output
PCC.Checker=false
PCC.Line=STM32F0x1
PCC.MCU=STM32F031G(4-6)Ux
PCC.MXVersion=4.10.0
PCC.PartNumber=STM32F031G4Ux
PCC.Seq0=0
PCC.Series=STM32F0
PCC.Temperature=25
PCC.Vdd=3.6
RCC.AHBFreq_Value=8000000
RCC.APB1Freq_Value=8000000
RCC.APB1TimFreq_Value=8000000
RCC.FCLKCortexFreq_Value=8000000
RCC.FamilyName=M
RCC.HCLKFreq_Value=8000000
RCC.I2SFreq_Value=8000000
RCC.IPParameters=FamilyName,TimSysFreq_Value,PLLCLKFreq_Value,PLLMCOFreq_Value,I2SFreq_Value,HCLKFreq_Value,AHBFreq_Value,FCLKCortexFreq_Value,APB1TimFreq_Value,APB1Freq_Value,USART1Freq_Value,MCOFreq_Value,SYSCLKFreq_VALUE,PLLMUL,VDD_VALUE
RCC.MCOFreq_Value=8000000
RCC.PLLCLKFreq_Value=16000000
RCC.PLLMCOFreq_Value=16000000
RCC.PLLMUL=RCC_PLL_MUL4
RCC.SYSCLKFreq_VALUE=8000000
RCC.TimSysFreq_Value=8000000
RCC.USART1Freq_Value=8000000
RCC.VDD_VALUE=3
SH.GPXTI0.0=GPIO_EXTI0
SH.GPXTI0.ConfNb=1
